
Microsoft Visual Studio Solution File, Format Version 12.00
Project("{FAE04EC0-301F-11D3-BF4B-00C04F79EFBC}") = "FoodOrdering", "FoodOrdering\FoodOrdering.csproj", "{670E6BE1-FBCC-438A-97B7-D69F166DD101}"
EndProject
Global
	GlobalSection(SolutionConfigurationPlatforms) = preSolution
		Debug|Any CPU = Debug|Any CPU
		Release|Any CPU = Release|Any CPU
	EndGlobalSection
	GlobalSection(ProjectConfigurationPlatforms) = postSolution
		{670E6BE1-FBCC-438A-97B7-D69F166DD101}.Debug|Any CPU.ActiveCfg = Debug|Any CPU
		{670E6BE1-FBCC-438A-97B7-D69F166DD101}.Debug|Any CPU.Build.0 = Debug|Any CPU
		{670E6BE1-FBCC-438A-97B7-D69F166DD101}.Release|Any CPU.ActiveCfg = Release|Any CPU
		{670E6BE1-FBCC-438A-97B7-D69F166DD101}.Release|Any CPU.Build.0 = Release|Any CPU
	EndGlobalSection
EndGlobal
